// !$*UTF8*$!
{
	archiveVersion = 1;
	classes = {
	};
	objectVersion = 56;
	objects = {

/* Begin PBXBuildFile section */
		0F2A4CFE2BE54F8100FE9B10 /* AppDelegate.swift in Sources */ = {isa = PBXBuildFile; fileRef = 0F2A4CFD2BE54F8100FE9B10 /* AppDelegate.swift */; };
		0F2A4D022BE54F8100FE9B10 /* ViewController.swift in Sources */ = {isa = PBXBuildFile; fileRef = 0F2A4D012BE54F8100FE9B10 /* ViewController.swift */; };
		0F2A4D052BE54F8100FE9B10 /* Base in Resources */ = {isa = PBXBuildFile; fileRef = 0F2A4D042BE54F8100FE9B10 /* Base */; };
		0F2A4D072BE54F8200FE9B10 /* Assets.xcassets in Resources */ = {isa = PBXBuildFile; fileRef = 0F2A4D062BE54F8200FE9B10 /* Assets.xcassets */; };
		0F2A4D0A2BE54F8200FE9B10 /* Base in Resources */ = {isa = PBXBuildFile; fileRef = 0F2A4D092BE54F8200FE9B10 /* Base */; };
		0F2A4D1C2BE5778E00FE9B10 /* Array+Extension.swift in Sources */ = {isa = PBXBuildFile; fileRef = 0F2A4D1B2BE5778E00FE9B10 /* Array+Extension.swift */; };
		0F2A4D1E2BE578D900FE9B10 /* shader.vert in Resources */ = {isa = PBXBuildFile; fileRef = 0F2A4D1D2BE578D900FE9B10 /* shader.vert */; };
		0F2A4D202BE578FB00FE9B10 /* shader.frag in Resources */ = {isa = PBXBuildFile; fileRef = 0F2A4D1F2BE578FB00FE9B10 /* shader.frag */; };
		0F2A4D242BE65D7100FE9B10 /* Shader.swift in Sources */ = {isa = PBXBuildFile; fileRef = 0F2A4D232BE65D7100FE9B10 /* Shader.swift */; };
		0FC1A6052BE78F2500146FC4 /* textures.bundle in Resources */ = {isa = PBXBuildFile; fileRef = 0FC1A6042BE78F2500146FC4 /* textures.bundle */; };
		0FC1A6072BE7A46400146FC4 /* Texture.swift in Sources */ = {isa = PBXBuildFile; fileRef = 0FC1A6062BE7A46400146FC4 /* Texture.swift */; };
/* End PBXBuildFile section */

/* Begin PBXFileReference section */
		0F2A4CFA2BE54F8100FE9B10 /* textures.app */ = {isa = PBXFileReference; explicitFileType = wrapper.application; includeInIndex = 0; path = textures.app; sourceTree = BUILT_PRODUCTS_DIR; };
		0F2A4CFD2BE54F8100FE9B10 /* AppDelegate.swift */ = {isa = PBXFileReference; lastKnownFileType = sourcecode.swift; path = AppDelegate.swift; sourceTree = "<group>"; };
		0F2A4D012BE54F8100FE9B10 /* ViewController.swift */ = {isa = PBXFileReference; lastKnownFileType = sourcecode.swift; path = ViewController.swift; sourceTree = "<group>"; };
		0F2A4D042BE54F8100FE9B10 /* Base */ = {isa = PBXFileReference; lastKnownFileType = file.storyboard; name = Base; path = Base.lproj/Main.storyboard; sourceTree = "<group>"; };
		0F2A4D062BE54F8200FE9B10 /* Assets.xcassets */ = {isa = PBXFileReference; lastKnownFileType = folder.assetcatalog; path = Assets.xcassets; sourceTree = "<group>"; };
		0F2A4D092BE54F8200FE9B10 /* Base */ = {isa = PBXFileReference; lastKnownFileType = file.storyboard; name = Base; path = Base.lproj/LaunchScreen.storyboard; sourceTree = "<group>"; };
		0F2A4D0B2BE54F8200FE9B10 /* Info.plist */ = {isa = PBXFileReference; lastKnownFileType = text.plist.xml; path = Info.plist; sourceTree = "<group>"; };
		0F2A4D1B2BE5778E00FE9B10 /* Array+Extension.swift */ = {isa = PBXFileReference; lastKnownFileType = sourcecode.swift; path = "Array+Extension.swift"; sourceTree = "<group>"; };
		0F2A4D1D2BE578D900FE9B10 /* shader.vert */ = {isa = PBXFileReference; lastKnownFileType = sourcecode.glsl; path = shader.vert; sourceTree = "<group>"; };
		0F2A4D1F2BE578FB00FE9B10 /* shader.frag */ = {isa = PBXFileReference; lastKnownFileType = sourcecode.glsl; path = shader.frag; sourceTree = "<group>"; };
		0F2A4D232BE65D7100FE9B10 /* Shader.swift */ = {isa = PBXFileReference; lastKnownFileType = sourcecode.swift; path = Shader.swift; sourceTree = "<group>"; };
		0FC1A6042BE78F2500146FC4 /* textures.bundle */ = {isa = PBXFileReference; lastKnownFileType = "wrapper.plug-in"; path = textures.bundle; sourceTree = "<group>"; };
		0FC1A6062BE7A46400146FC4 /* Texture.swift */ = {isa = PBXFileReference; lastKnownFileType = sourcecode.swift; path = Texture.swift; sourceTree = "<group>"; };
/* End PBXFileReference section */

/* Begin PBXFrameworksBuildPhase section */
		0F2A4CF72BE54F8100FE9B10 /* Frameworks */ = {
			isa = PBXFrameworksBuildPhase;
			buildActionMask = 2147483647;
			files = (
			);
			runOnlyForDeploymentPostprocessing = 0;
		};
/* End PBXFrameworksBuildPhase section */

/* Begin PBXGroup section */
		0F2A4CF12BE54F8100FE9B10 = {
			isa = PBXGroup;
			children = (
				0F2A4CFC2BE54F8100FE9B10 /* textures */,
				0F2A4CFB2BE54F8100FE9B10 /* Products */,
			);
			sourceTree = "<group>";
		};
		0F2A4CFB2BE54F8100FE9B10 /* Products */ = {
			isa = PBXGroup;
			children = (
				0F2A4CFA2BE54F8100FE9B10 /* textures.app */,
			);
			name = Products;
			sourceTree = "<group>";
		};
		0F2A4CFC2BE54F8100FE9B10 /* textures */ = {
			isa = PBXGroup;
			children = (
				0F2A4D122BE5518C00FE9B10 /* Source */,
				0F2A4D112BE5517B00FE9B10 /* Resource */,
				0F2A4D0B2BE54F8200FE9B10 /* Info.plist */,
			);
			path = textures;
			sourceTree = "<group>";
		};
		0F2A4D112BE5517B00FE9B10 /* Resource */ = {
			isa = PBXGroup;
			children = (
				0FC1A6042BE78F2500146FC4 /* textures.bundle */,
				0F2A4D032BE54F8100FE9B10 /* Main.storyboard */,
				0F2A4D062BE54F8200FE9B10 /* Assets.xcassets */,
				0F2A4D082BE54F8200FE9B10 /* LaunchScreen.storyboard */,
				0F2A4D1D2BE578D900FE9B10 /* shader.vert */,
				0F2A4D1F2BE578FB00FE9B10 /* shader.frag */,
			);
			path = Resource;
			sourceTree = "<group>";
		};
		0F2A4D122BE5518C00FE9B10 /* Source */ = {
			isa = PBXGroup;
			children = (
				0F2A4D132BE5519E00FE9B10 /* Delegate */,
				0F2A4D142BE564C300FE9B10 /* Extension */,
				0F2A4D012BE54F8100FE9B10 /* ViewController.swift */,
				0F2A4D232BE65D7100FE9B10 /* Shader.swift */,
				0FC1A6062BE7A46400146FC4 /* Texture.swift */,
			);
			path = Source;
			sourceTree = "<group>";
		};
		0F2A4D132BE5519E00FE9B10 /* Delegate */ = {
			isa = PBXGroup;
			children = (
				0F2A4CFD2BE54F8100FE9B10 /* AppDelegate.swift */,
			);
			path = Delegate;
			sourceTree = "<group>";
		};
		0F2A4D142BE564C300FE9B10 /* Extension */ = {
			isa = PBXGroup;
			children = (
				0F2A4D1B2BE5778E00FE9B10 /* Array+Extension.swift */,
			);
			path = Extension;
			sourceTree = "<group>";
		};
/* End PBXGroup section */

/* Begin PBXNativeTarget section */
		0F2A4CF92BE54F8100FE9B10 /* textures */ = {
			isa = PBXNativeTarget;
			buildConfigurationList = 0F2A4D0E2BE54F8200FE9B10 /* Build configuration list for PBXNativeTarget "textures" */;
			buildPhases = (
				0F2A4CF62BE54F8100FE9B10 /* Sources */,
				0F2A4CF72BE54F8100FE9B10 /* Frameworks */,
				0F2A4CF82BE54F8100FE9B10 /* Resources */,
			);
			buildRules = (
			);
			dependencies = (
			);
			name = textures;
			productName = uniform;
			productReference = 0F2A4CFA2BE54F8100FE9B10 /* textures.app */;
			productType = "com.apple.product-type.application";
		};
/* End PBXNativeTarget section */

/* Begin PBXProject section */
		0F2A4CF22BE54F8100FE9B10 /* Project object */ = {
			isa = PBXProject;
			attributes = {
				BuildIndependentTargetsInParallel = 1;
				LastSwiftUpdateCheck = 1530;
				LastUpgradeCheck = 1530;
				TargetAttributes = {
					0F2A4CF92BE54F8100FE9B10 = {
						CreatedOnToolsVersion = 15.3;
						LastSwiftMigration = 1530;
					};
				};
			};
			buildConfigurationList = 0F2A4CF52BE54F8100FE9B10 /* Build configuration list for PBXProject "textures" */;
			compatibilityVersion = "Xcode 14.0";
			developmentRegion = en;
			hasScannedForEncodings = 0;
			knownRegions = (
				en,
				Base,
			);
			mainGroup = 0F2A4CF12BE54F8100FE9B10;
			productRefGroup = 0F2A4CFB2BE54F8100FE9B10 /* Products */;
			projectDirPath = "";
			projectRoot = "";
			targets = (
				0F2A4CF92BE54F8100FE9B10 /* textures */,
			);
		};
/* End PBXProject section */

/* Begin PBXResourcesBuildPhase section */
		0F2A4CF82BE54F8100FE9B10 /* Resources */ = {
			isa = PBXResourcesBuildPhase;
			buildActionMask = 2147483647;
			files = (
				0F2A4D1E2BE578D900FE9B10 /* shader.vert in Resources */,
				0F2A4D072BE54F8200FE9B10 /* Assets.xcassets in Resources */,
				0F2A4D202BE578FB00FE9B10 /* shader.frag in Resources */,
				0FC1A6052BE78F2500146FC4 /* textures.bundle in Resources */,
				0F2A4D0A2BE54F8200FE9B10 /* Base in Resources */,
				0F2A4D052BE54F8100FE9B10 /* Base in Resources */,
			);
			runOnlyForDeploymentPostprocessing = 0;
		};
/* End PBXResourcesBuildPhase section */

/* Begin PBXSourcesBuildPhase section */
		0F2A4CF62BE54F8100FE9B10 /* Sources */ = {
			isa = PBXSourcesBuildPhase;
			buildActionMask = 2147483647;
			files = (
				0F2A4D022BE54F8100FE9B10 /* ViewController.swift in Sources */,
				0FC1A6072BE7A46400146FC4 /* Texture.swift in Sources */,
				0F2A4D242BE65D7100FE9B10 /* Shader.swift in Sources */,
				0F2A4CFE2BE54F8100FE9B10 /* AppDelegate.swift in Sources */,
				0F2A4D1C2BE5778E00FE9B10 /* Array+Extension.swift in Sources */,
			);
			runOnlyForDeploymentPostprocessing = 0;
		};
/* End PBXSourcesBuildPhase section */

/* Begin PBXVariantGroup section */
		0F2A4D032BE54F8100FE9B10 /* Main.storyboard */ = {
			isa = PBXVariantGroup;
			children = (
				0F2A4D042BE54F8100FE9B10 /* Base */,
			);
			name = Main.storyboard;
			sourceTree = "<group>";
		};
		0F2A4D082BE54F8200FE9B10 /* LaunchScreen.storyboard */ = {
			isa = PBXVariantGroup;
			children = (
				0F2A4D092BE54F8200FE9B10 /* Base */,
			);
			name = LaunchScreen.storyboard;
			sourceTree = "<group>";
		};
/* End PBXVariantGroup section */

/* Begin XCBuildConfiguration section */
		0F2A4D0C2BE54F8200FE9B10 /* Debug */ = {
			isa = XCBuildConfiguration;
			buildSettings = {
				ALWAYS_SEARCH_USER_PATHS = NO;
				ASSETCATALOG_COMPILER_GENERATE_SWIFT_ASSET_SYMBOL_EXTENSIONS = YES;
				CLANG_ANALYZER_NONNULL = YES;
				CLANG_ANALYZER_NUMBER_OBJECT_CONVERSION = YES_AGGRESSIVE;
				CLANG_CXX_LANGUAGE_STANDARD = "gnu++20";
				CLANG_ENABLE_MODULES = YES;
				CLANG_ENABLE_OBJC_ARC = YES;
				CLANG_ENABLE_OBJC_WEAK = YES;
				CLANG_WARN_BLOCK_CAPTURE_AUTORELEASING = YES;
				CLANG_WARN_BOOL_CONVERSION = YES;
				CLANG_WARN_COMMA = YES;
				CLANG_WARN_CONSTANT_CONVERSION = YES;
				CLANG_WARN_DEPRECATED_OBJC_IMPLEMENTATIONS = YES;
				CLANG_WARN_DIRECT_OBJC_ISA_USAGE = YES_ERROR;
				CLANG_WARN_DOCUMENTATION_COMMENTS = YES;
				CLANG_WARN_EMPTY_BODY = YES;
				CLANG_WARN_ENUM_CONVERSION = YES;
				CLANG_WARN_INFINITE_RECURSION = YES;
				CLANG_WARN_INT_CONVERSION = YES;
				CLANG_WARN_NON_LITERAL_NULL_CONVERSION = YES;
				CLANG_WARN_OBJC_IMPLICIT_RETAIN_SELF = YES;
				CLANG_WARN_OBJC_LITERAL_CONVERSION = YES;
				CLANG_WARN_OBJC_ROOT_CLASS = YES_ERROR;
				CLANG_WARN_QUOTED_INCLUDE_IN_FRAMEWORK_HEADER = YES;
				CLANG_WARN_RANGE_LOOP_ANALYSIS = YES;
				CLANG_WARN_STRICT_PROTOTYPES = YES;
				CLANG_WARN_SUSPICIOUS_MOVE = YES;
				CLANG_WARN_UNGUARDED_AVAILABILITY = YES_AGGRESSIVE;
				CLANG_WARN_UNREACHABLE_CODE = YES;
				CLANG_WARN__DUPLICATE_METHOD_MATCH = YES;
				COPY_PHASE_STRIP = NO;
				DEBUG_INFORMATION_FORMAT = dwarf;
				ENABLE_STRICT_OBJC_MSGSEND = YES;
				ENABLE_TESTABILITY = YES;
				ENABLE_USER_SCRIPT_SANDBOXING = YES;
				GCC_C_LANGUAGE_STANDARD = gnu17;
				GCC_DYNAMIC_NO_PIC = NO;
				GCC_NO_COMMON_BLOCKS = YES;
				GCC_OPTIMIZATION_LEVEL = 0;
				GCC_PREPROCESSOR_DEFINITIONS = (
					"DEBUG=1",
					"$(inherited)",
				);
				GCC_WARN_64_TO_32_BIT_CONVERSION = YES;
				GCC_WARN_ABOUT_RETURN_TYPE = YES_ERROR;
				GCC_WARN_UNDECLARED_SELECTOR = YES;
				GCC_WARN_UNINITIALIZED_AUTOS = YES_AGGRESSIVE;
				GCC_WARN_UNUSED_FUNCTION = YES;
				GCC_WARN_UNUSED_VARIABLE = YES;
				IPHONEOS_DEPLOYMENT_TARGET = 17.4;
				LOCALIZATION_PREFERS_STRING_CATALOGS = YES;
				MTL_ENABLE_DEBUG_INFO = INCLUDE_SOURCE;
				MTL_FAST_MATH = YES;
				ONLY_ACTIVE_ARCH = YES;
				SDKROOT = iphoneos;
				SWIFT_ACTIVE_COMPILATION_CONDITIONS = "DEBUG $(inherited)";
				SWIFT_OPTIMIZATION_LEVEL = "-Onone";
			};
			name = Debug;
		};
		0F2A4D0D2BE54F8200FE9B10 /* Release */ = {
			isa = XCBuildConfiguration;
			buildSettings = {
				ALWAYS_SEARCH_USER_PATHS = NO;
				ASSETCATALOG_COMPILER_GENERATE_SWIFT_ASSET_SYMBOL_EXTENSIONS = YES;
				CLANG_ANALYZER_NONNULL = YES;
				CLANG_ANALYZER_NUMBER_OBJECT_CONVERSION = YES_AGGRESSIVE;
				CLANG_CXX_LANGUAGE_STANDARD = "gnu++20";
				CLANG_ENABLE_MODULES = YES;
				CLANG_ENABLE_OBJC_ARC = YES;
				CLANG_ENABLE_OBJC_WEAK = YES;
				CLANG_WARN_BLOCK_CAPTURE_AUTORELEASING = YES;
				CLANG_WARN_BOOL_CONVERSION = YES;
				CLANG_WARN_COMMA = YES;
				CLANG_WARN_CONSTANT_CONVERSION = YES;
				CLANG_WARN_DEPRECATED_OBJC_IMPLEMENTATIONS = YES;
				CLANG_WARN_DIRECT_OBJC_ISA_USAGE = YES_ERROR;
				CLANG_WARN_DOCUMENTATION_COMMENTS = YES;
				CLANG_WARN_EMPTY_BODY = YES;
				CLANG_WARN_ENUM_CONVERSION = YES;
				CLANG_WARN_INFINITE_RECURSION = YES;
				CLANG_WARN_INT_CONVERSION = YES;
				CLANG_WARN_NON_LITERAL_NULL_CONVERSION = YES;
				CLANG_WARN_OBJC_IMPLICIT_RETAIN_SELF = YES;
				CLANG_WARN_OBJC_LITERAL_CONVERSION = YES;
				CLANG_WARN_OBJC_ROOT_CLASS = YES_ERROR;
				CLANG_WARN_QUOTED_INCLUDE_IN_FRAMEWORK_HEADER = YES;
				CLANG_WARN_RANGE_LOOP_ANALYSIS = YES;
				CLANG_WARN_STRICT_PROTOTYPES = YES;
				CLANG_WARN_SUSPICIOUS_MOVE = YES;
				CLANG_WARN_UNGUARDED_AVAILABILITY = YES_AGGRESSIVE;
				CLANG_WARN_UNREACHABLE_CODE = YES;
				CLANG_WARN__DUPLICATE_METHOD_MATCH = YES;
				COPY_PHASE_STRIP = NO;
				DEBUG_INFORMATION_FORMAT = "dwarf-with-dsym";
				ENABLE_NS_ASSERTIONS = NO;
				ENABLE_STRICT_OBJC_MSGSEND = YES;
				ENABLE_USER_SCRIPT_SANDBOXING = YES;
				GCC_C_LANGUAGE_STANDARD = gnu17;
				GCC_NO_COMMON_BLOCKS = YES;
				GCC_WARN_64_TO_32_BIT_CONVERSION = YES;
				GCC_WARN_ABOUT_RETURN_TYPE = YES_ERROR;
				GCC_WARN_UNDECLARED_SELECTOR = YES;
				GCC_WARN_UNINITIALIZED_AUTOS = YES_AGGRESSIVE;
				GCC_WARN_UNUSED_FUNCTION = YES;
				GCC_WARN_UNUSED_VARIABLE = YES;
				IPHONEOS_DEPLOYMENT_TARGET = 17.4;
				LOCALIZATION_PREFERS_STRING_CATALOGS = YES;
				MTL_ENABLE_DEBUG_INFO = NO;
				MTL_FAST_MATH = YES;
				SDKROOT = iphoneos;
				SWIFT_COMPILATION_MODE = wholemodule;
				VALIDATE_PRODUCT = YES;
			};
			name = Release;
		};
		0F2A4D0F2BE54F8200FE9B10 /* Debug */ = {
			isa = XCBuildConfiguration;
			buildSettings = {
				ASSETCATALOG_COMPILER_APPICON_NAME = AppIcon;
				ASSETCATALOG_COMPILER_GLOBAL_ACCENT_COLOR_NAME = AccentColor;
				CLANG_ENABLE_MODULES = YES;
				CODE_SIGN_STYLE = Automatic;
				CURRENT_PROJECT_VERSION = 1;
				DEVELOPMENT_TEAM = TR9TP6J6GJ;
				GCC_PREPROCESSOR_DEFINITIONS = (
					"DEBUG=1",
					"$(inherited)",
					"GLES_SILENCE_DEPRECATION=1",
				);
				GENERATE_INFOPLIST_FILE = YES;
				INFOPLIST_FILE = textures/Info.plist;
				INFOPLIST_KEY_UIApplicationSupportsIndirectInputEvents = YES;
				INFOPLIST_KEY_UILaunchStoryboardName = LaunchScreen;
				INFOPLIST_KEY_UIMainStoryboardFile = Main;
				INFOPLIST_KEY_UISupportedInterfaceOrientations_iPad = "UIInterfaceOrientationPortrait UIInterfaceOrientationPortraitUpsideDown UIInterfaceOrientationLandscapeLeft UIInterfaceOrientationLandscapeRight";
				INFOPLIST_KEY_UISupportedInterfaceOrientations_iPhone = "UIInterfaceOrientationPortrait UIInterfaceOrientationLandscapeLeft UIInterfaceOrientationLandscapeRight";
				IPHONEOS_DEPLOYMENT_TARGET = 12.0;
				LD_RUNPATH_SEARCH_PATHS = (
					"$(inherited)",
					"@executable_path/Frameworks",
				);
				MARKETING_VERSION = 1.0;
				PRODUCT_BUNDLE_IDENTIFIER = "net.wu-chinese.learn-open-gl-es";
				PRODUCT_NAME = "$(TARGET_NAME)";
				SWIFT_EMIT_LOC_STRINGS = YES;
				SWIFT_OBJC_BRIDGING_HEADER = "";
				SWIFT_OPTIMIZATION_LEVEL = "-Onone";
				SWIFT_VERSION = 5.0;
				TARGETED_DEVICE_FAMILY = "1,2";
			};
			name = Debug;
		};
		0F2A4D102BE54F8200FE9B10 /* Release */ = {
			isa = XCBuildConfiguration;
			buildSettings = {
				ASSETCATALOG_COMPILER_APPICON_NAME = AppIcon;
				ASSETCATALOG_COMPILER_GLOBAL_ACCENT_COLOR_NAME = AccentColor;
				CLANG_ENABLE_MODULES = YES;
				CODE_SIGN_STYLE = Automatic;
				CURRENT_PROJECT_VERSION = 1;
				DEVELOPMENT_TEAM = TR9TP6J6GJ;
				GENERATE_INFOPLIST_FILE = YES;
				INFOPLIST_FILE = textures/Info.plist;
				INFOPLIST_KEY_UIApplicationSupportsIndirectInputEvents = YES;
				INFOPLIST_KEY_UILaunchStoryboardName = LaunchScreen;
				INFOPLIST_KEY_UIMainStoryboardFile = Main;
				INFOPLIST_KEY_UISupportedInterfaceOrientations_iPad = "UIInterfaceOrientationPortrait UIInterfaceOrientationPortraitUpsideDown UIInterfaceOrientationLandscapeLeft UIInterfaceOrientationLandscapeRight";
				INFOPLIST_KEY_UISupportedInterfaceOrientations_iPhone = "UIInterfaceOrientationPortrait UIInterfaceOrientationLandscapeLeft UIInterfaceOrientationLandscapeRight";
				IPHONEOS_DEPLOYMENT_TARGET = 12.0;
				LD_RUNPATH_SEARCH_PATHS = (
					"$(inherited)",
					"@executable_path/Frameworks",
				);
				MARKETING_VERSION = 1.0;
				PRODUCT_BUNDLE_IDENTIFIER = "net.wu-chinese.learn-open-gl-es";
				PRODUCT_NAME = "$(TARGET_NAME)";
				SWIFT_EMIT_LOC_STRINGS = YES;
				SWIFT_OBJC_BRIDGING_HEADER = "";
				SWIFT_VERSION = 5.0;
				TARGETED_DEVICE_FAMILY = "1,2";
			};
			name = Release;
		};
/* End XCBuildConfiguration section */

/* Begin XCConfigurationList section */
		0F2A4CF52BE54F8100FE9B10 /* Build configuration list for PBXProject "textures" */ = {
			isa = XCConfigurationList;
			buildConfigurations = (
				0F2A4D0C2BE54F8200FE9B10 /* Debug */,
				0F2A4D0D2BE54F8200FE9B10 /* Release */,
			);
			defaultConfigurationIsVisible = 0;
			defaultConfigurationName = Release;
		};
		0F2A4D0E2BE54F8200FE9B10 /* Build configuration list for PBXNativeTarget "textures" */ = {
			isa = XCConfigurationList;
			buildConfigurations = (
				0F2A4D0F2BE54F8200FE9B10 /* Debug */,
				0F2A4D102BE54F8200FE9B10 /* Release */,
			);
			defaultConfigurationIsVisible = 0;
			defaultConfigurationName = Release;
		};
/* End XCConfigurationList section */
	};
	rootObject = 0F2A4CF22BE54F8100FE9B10 /* Project object */;
}
