// !$*UTF8*$!
{
	archiveVersion = 1;
	classes = {
	};
	objectVersion = 50;
	objects = {

/* Begin PBXBuildFile section */
		17D11B4D216E573E006D4361 /* ViewController.m in Sources */ = {isa = PBXBuildFile; fileRef = 17D11B47216E573E006D4361 /* ViewController.m */; };
		17D11B4E216E573E006D4361 /* AppDelegate.m in Sources */ = {isa = PBXBuildFile; fileRef = 17D11B4A216E573E006D4361 /* AppDelegate.m */; };
		17D11B52216E589A006D4361 /* shader.frag in Resources */ = {isa = PBXBuildFile; fileRef = 17D11B51216E589A006D4361 /* shader.frag */; };
		17D11B54216E58A7006D4361 /* shader.vert in Resources */ = {isa = PBXBuildFile; fileRef = 17D11B53216E58A7006D4361 /* shader.vert */; };
		17D11B58216E59E1006D4361 /* ShaderProcessor.m in Sources */ = {isa = PBXBuildFile; fileRef = 17D11B57216E59E1006D4361 /* ShaderProcessor.m */; };
		456B7870A5884C3791C60A0A /* NSDate+func.m in Sources */ = {isa = PBXBuildFile; fileRef = 456B723C50DD49F6FBD17D76 /* NSDate+func.m */; };
		BB74F3F1216DD0100016BFEB /* OpenGLES.framework in Frameworks */ = {isa = PBXBuildFile; fileRef = BB74F3F0216DD0100016BFEB /* OpenGLES.framework */; };
		BB74F3F3216DD01A0016BFEB /* GLKit.framework in Frameworks */ = {isa = PBXBuildFile; fileRef = BB74F3F2216DD01A0016BFEB /* GLKit.framework */; };
		BB8F0841216A66C70036726C /* Main.storyboard in Resources */ = {isa = PBXBuildFile; fileRef = BB8F083F216A66C70036726C /* Main.storyboard */; };
		BB8F0843216A66C90036726C /* Assets.xcassets in Resources */ = {isa = PBXBuildFile; fileRef = BB8F0842216A66C90036726C /* Assets.xcassets */; };
		BB8F0846216A66C90036726C /* LaunchScreen.storyboard in Resources */ = {isa = PBXBuildFile; fileRef = BB8F0844216A66C90036726C /* LaunchScreen.storyboard */; };
		BB8F0849216A66C90036726C /* main.m in Sources */ = {isa = PBXBuildFile; fileRef = BB8F0848216A66C90036726C /* main.m */; };
/* End PBXBuildFile section */

/* Begin PBXFileReference section */
		17D11B47216E573E006D4361 /* ViewController.m */ = {isa = PBXFileReference; fileEncoding = 4; lastKnownFileType = sourcecode.c.objc; path = ViewController.m; sourceTree = "<group>"; };
		17D11B48216E573E006D4361 /* ViewController.h */ = {isa = PBXFileReference; fileEncoding = 4; lastKnownFileType = sourcecode.c.h; path = ViewController.h; sourceTree = "<group>"; };
		17D11B4A216E573E006D4361 /* AppDelegate.m */ = {isa = PBXFileReference; fileEncoding = 4; lastKnownFileType = sourcecode.c.objc; path = AppDelegate.m; sourceTree = "<group>"; };
		17D11B4B216E573E006D4361 /* AppDelegate.h */ = {isa = PBXFileReference; fileEncoding = 4; lastKnownFileType = sourcecode.c.h; path = AppDelegate.h; sourceTree = "<group>"; };
		17D11B51216E589A006D4361 /* shader.frag */ = {isa = PBXFileReference; lastKnownFileType = file.glsl; path = shader.frag; sourceTree = "<group>"; };
		17D11B53216E58A7006D4361 /* shader.vert */ = {isa = PBXFileReference; lastKnownFileType = sourcecode.glsl; path = shader.vert; sourceTree = "<group>"; };
		17D11B56216E59E1006D4361 /* ShaderProcessor.h */ = {isa = PBXFileReference; lastKnownFileType = sourcecode.c.h; path = ShaderProcessor.h; sourceTree = "<group>"; };
		17D11B57216E59E1006D4361 /* ShaderProcessor.m */ = {isa = PBXFileReference; lastKnownFileType = sourcecode.c.objc; path = ShaderProcessor.m; sourceTree = "<group>"; };
		456B723C50DD49F6FBD17D76 /* NSDate+func.m */ = {isa = PBXFileReference; fileEncoding = 4; lastKnownFileType = sourcecode.c.objc; path = "NSDate+func.m"; sourceTree = "<group>"; };
		456B79B5ABD97C990017773D /* NSDate+func.h */ = {isa = PBXFileReference; fileEncoding = 4; lastKnownFileType = sourcecode.c.h; path = "NSDate+func.h"; sourceTree = "<group>"; };
		BB74F3F0216DD0100016BFEB /* OpenGLES.framework */ = {isa = PBXFileReference; lastKnownFileType = wrapper.framework; name = OpenGLES.framework; path = System/Library/Frameworks/OpenGLES.framework; sourceTree = SDKROOT; };
		BB74F3F2216DD01A0016BFEB /* GLKit.framework */ = {isa = PBXFileReference; lastKnownFileType = wrapper.framework; name = GLKit.framework; path = System/Library/Frameworks/GLKit.framework; sourceTree = SDKROOT; };
		BB8F0836216A66C70036726C /* learn-open-gl-es.app */ = {isa = PBXFileReference; explicitFileType = wrapper.application; includeInIndex = 0; path = "learn-open-gl-es.app"; sourceTree = BUILT_PRODUCTS_DIR; };
		BB8F0840216A66C70036726C /* Base */ = {isa = PBXFileReference; lastKnownFileType = file.storyboard; name = Base; path = Base.lproj/Main.storyboard; sourceTree = "<group>"; };
		BB8F0842216A66C90036726C /* Assets.xcassets */ = {isa = PBXFileReference; lastKnownFileType = folder.assetcatalog; path = Assets.xcassets; sourceTree = "<group>"; };
		BB8F0845216A66C90036726C /* Base */ = {isa = PBXFileReference; lastKnownFileType = file.storyboard; name = Base; path = Base.lproj/LaunchScreen.storyboard; sourceTree = "<group>"; };
		BB8F0847216A66C90036726C /* Info.plist */ = {isa = PBXFileReference; lastKnownFileType = text.plist.xml; path = Info.plist; sourceTree = "<group>"; };
		BB8F0848216A66C90036726C /* main.m */ = {isa = PBXFileReference; lastKnownFileType = sourcecode.c.objc; path = main.m; sourceTree = "<group>"; };
/* End PBXFileReference section */

/* Begin PBXFrameworksBuildPhase section */
		BB8F0833216A66C70036726C /* Frameworks */ = {
			isa = PBXFrameworksBuildPhase;
			buildActionMask = 2147483647;
			files = (
				BB74F3F3216DD01A0016BFEB /* GLKit.framework in Frameworks */,
				BB74F3F1216DD0100016BFEB /* OpenGLES.framework in Frameworks */,
			);
			runOnlyForDeploymentPostprocessing = 0;
		};
/* End PBXFrameworksBuildPhase section */

/* Begin PBXGroup section */
		17D11B45216E573E006D4361 /* Classes */ = {
			isa = PBXGroup;
			children = (
				17D11B49216E573E006D4361 /* AppDelegate */,
				17D11B46216E573E006D4361 /* ViewController */,
				17D11B4C216E573E006D4361 /* Resource */,
				17D11B55216E598B006D4361 /* Util */,
				BB8F0848216A66C90036726C /* main.m */,
			);
			path = Classes;
			sourceTree = "<group>";
		};
		17D11B46216E573E006D4361 /* ViewController */ = {
			isa = PBXGroup;
			children = (
				17D11B48216E573E006D4361 /* ViewController.h */,
				17D11B47216E573E006D4361 /* ViewController.m */,
			);
			path = ViewController;
			sourceTree = "<group>";
		};
		17D11B49216E573E006D4361 /* AppDelegate */ = {
			isa = PBXGroup;
			children = (
				17D11B4A216E573E006D4361 /* AppDelegate.m */,
				17D11B4B216E573E006D4361 /* AppDelegate.h */,
			);
			path = AppDelegate;
			sourceTree = "<group>";
		};
		17D11B4C216E573E006D4361 /* Resource */ = {
			isa = PBXGroup;
			children = (
				BB8F083F216A66C70036726C /* Main.storyboard */,
				BB8F0842216A66C90036726C /* Assets.xcassets */,
				BB8F0844216A66C90036726C /* LaunchScreen.storyboard */,
				17D11B51216E589A006D4361 /* shader.frag */,
				17D11B53216E58A7006D4361 /* shader.vert */,
			);
			path = Resource;
			sourceTree = "<group>";
		};
		17D11B55216E598B006D4361 /* Util */ = {
			isa = PBXGroup;
			children = (
				17D11B56216E59E1006D4361 /* ShaderProcessor.h */,
				17D11B57216E59E1006D4361 /* ShaderProcessor.m */,
				456B723C50DD49F6FBD17D76 /* NSDate+func.m */,
				456B79B5ABD97C990017773D /* NSDate+func.h */,
			);
			path = Util;
			sourceTree = "<group>";
		};
		BB74F3EF216DD0100016BFEB /* Frameworks */ = {
			isa = PBXGroup;
			children = (
				BB74F3F2216DD01A0016BFEB /* GLKit.framework */,
				BB74F3F0216DD0100016BFEB /* OpenGLES.framework */,
			);
			name = Frameworks;
			sourceTree = "<group>";
		};
		BB8F082D216A66C70036726C = {
			isa = PBXGroup;
			children = (
				BB8F0838216A66C70036726C /* learn-open-gl-es */,
				BB8F0837216A66C70036726C /* Products */,
				BB74F3EF216DD0100016BFEB /* Frameworks */,
			);
			sourceTree = "<group>";
		};
		BB8F0837216A66C70036726C /* Products */ = {
			isa = PBXGroup;
			children = (
				BB8F0836216A66C70036726C /* learn-open-gl-es.app */,
			);
			name = Products;
			sourceTree = "<group>";
		};
		BB8F0838216A66C70036726C /* learn-open-gl-es */ = {
			isa = PBXGroup;
			children = (
				17D11B45216E573E006D4361 /* Classes */,
				BB8F0847216A66C90036726C /* Info.plist */,
			);
			path = "learn-open-gl-es";
			sourceTree = "<group>";
		};
/* End PBXGroup section */

/* Begin PBXNativeTarget section */
		BB8F0835216A66C70036726C /* learn-open-gl-es */ = {
			isa = PBXNativeTarget;
			buildConfigurationList = BB8F084C216A66C90036726C /* Build configuration list for PBXNativeTarget "learn-open-gl-es" */;
			buildPhases = (
				BB8F0832216A66C70036726C /* Sources */,
				BB8F0833216A66C70036726C /* Frameworks */,
				BB8F0834216A66C70036726C /* Resources */,
			);
			buildRules = (
			);
			dependencies = (
			);
			name = "learn-open-gl-es";
			productName = "learn-open-gl-es";
			productReference = BB8F0836216A66C70036726C /* learn-open-gl-es.app */;
			productType = "com.apple.product-type.application";
		};
/* End PBXNativeTarget section */

/* Begin PBXProject section */
		BB8F082E216A66C70036726C /* Project object */ = {
			isa = PBXProject;
			attributes = {
				LastUpgradeCheck = 1000;
				ORGANIZATIONNAME = limit;
				TargetAttributes = {
					BB8F0835216A66C70036726C = {
						CreatedOnToolsVersion = 10.0;
					};
				};
			};
			buildConfigurationList = BB8F0831216A66C70036726C /* Build configuration list for PBXProject "learn-open-gl-es" */;
			compatibilityVersion = "Xcode 9.3";
			developmentRegion = en;
			hasScannedForEncodings = 0;
			knownRegions = (
				en,
				Base,
			);
			mainGroup = BB8F082D216A66C70036726C;
			productRefGroup = BB8F0837216A66C70036726C /* Products */;
			projectDirPath = "";
			projectRoot = "";
			targets = (
				BB8F0835216A66C70036726C /* learn-open-gl-es */,
			);
		};
/* End PBXProject section */

/* Begin PBXResourcesBuildPhase section */
		BB8F0834216A66C70036726C /* Resources */ = {
			isa = PBXResourcesBuildPhase;
			buildActionMask = 2147483647;
			files = (
				BB8F0846216A66C90036726C /* LaunchScreen.storyboard in Resources */,
				17D11B54216E58A7006D4361 /* shader.vert in Resources */,
				BB8F0843216A66C90036726C /* Assets.xcassets in Resources */,
				BB8F0841216A66C70036726C /* Main.storyboard in Resources */,
				17D11B52216E589A006D4361 /* shader.frag in Resources */,
			);
			runOnlyForDeploymentPostprocessing = 0;
		};
/* End PBXResourcesBuildPhase section */

/* Begin PBXSourcesBuildPhase section */
		BB8F0832216A66C70036726C /* Sources */ = {
			isa = PBXSourcesBuildPhase;
			buildActionMask = 2147483647;
			files = (
				17D11B4D216E573E006D4361 /* ViewController.m in Sources */,
				BB8F0849216A66C90036726C /* main.m in Sources */,
				17D11B4E216E573E006D4361 /* AppDelegate.m in Sources */,
				17D11B58216E59E1006D4361 /* ShaderProcessor.m in Sources */,
				456B7870A5884C3791C60A0A /* NSDate+func.m in Sources */,
			);
			runOnlyForDeploymentPostprocessing = 0;
		};
/* End PBXSourcesBuildPhase section */

/* Begin PBXVariantGroup section */
		BB8F083F216A66C70036726C /* Main.storyboard */ = {
			isa = PBXVariantGroup;
			children = (
				BB8F0840216A66C70036726C /* Base */,
			);
			name = Main.storyboard;
			sourceTree = "<group>";
		};
		BB8F0844216A66C90036726C /* LaunchScreen.storyboard */ = {
			isa = PBXVariantGroup;
			children = (
				BB8F0845216A66C90036726C /* Base */,
			);
			name = LaunchScreen.storyboard;
			sourceTree = "<group>";
		};
/* End PBXVariantGroup section */

/* Begin XCBuildConfiguration section */
		BB8F084A216A66C90036726C /* Debug */ = {
			isa = XCBuildConfiguration;
			buildSettings = {
				ALWAYS_SEARCH_USER_PATHS = NO;
				CLANG_ANALYZER_NONNULL = YES;
				CLANG_ANALYZER_NUMBER_OBJECT_CONVERSION = YES_AGGRESSIVE;
				CLANG_CXX_LANGUAGE_STANDARD = "gnu++14";
				CLANG_CXX_LIBRARY = "libc++";
				CLANG_ENABLE_MODULES = YES;
				CLANG_ENABLE_OBJC_ARC = YES;
				CLANG_ENABLE_OBJC_WEAK = YES;
				CLANG_WARN_BLOCK_CAPTURE_AUTORELEASING = YES;
				CLANG_WARN_BOOL_CONVERSION = YES;
				CLANG_WARN_COMMA = YES;
				CLANG_WARN_CONSTANT_CONVERSION = YES;
				CLANG_WARN_DEPRECATED_OBJC_IMPLEMENTATIONS = YES;
				CLANG_WARN_DIRECT_OBJC_ISA_USAGE = YES_ERROR;
				CLANG_WARN_DOCUMENTATION_COMMENTS = YES;
				CLANG_WARN_EMPTY_BODY = YES;
				CLANG_WARN_ENUM_CONVERSION = YES;
				CLANG_WARN_INFINITE_RECURSION = YES;
				CLANG_WARN_INT_CONVERSION = YES;
				CLANG_WARN_NON_LITERAL_NULL_CONVERSION = YES;
				CLANG_WARN_OBJC_IMPLICIT_RETAIN_SELF = YES;
				CLANG_WARN_OBJC_LITERAL_CONVERSION = YES;
				CLANG_WARN_OBJC_ROOT_CLASS = YES_ERROR;
				CLANG_WARN_RANGE_LOOP_ANALYSIS = YES;
				CLANG_WARN_STRICT_PROTOTYPES = YES;
				CLANG_WARN_SUSPICIOUS_MOVE = YES;
				CLANG_WARN_UNGUARDED_AVAILABILITY = YES_AGGRESSIVE;
				CLANG_WARN_UNREACHABLE_CODE = YES;
				CLANG_WARN__DUPLICATE_METHOD_MATCH = YES;
				CODE_SIGN_IDENTITY = "iPhone Developer";
				COPY_PHASE_STRIP = NO;
				DEBUG_INFORMATION_FORMAT = dwarf;
				ENABLE_STRICT_OBJC_MSGSEND = YES;
				ENABLE_TESTABILITY = YES;
				GCC_C_LANGUAGE_STANDARD = gnu11;
				GCC_DYNAMIC_NO_PIC = NO;
				GCC_NO_COMMON_BLOCKS = YES;
				GCC_OPTIMIZATION_LEVEL = 0;
				GCC_PREPROCESSOR_DEFINITIONS = (
					"DEBUG=1",
					"$(inherited)",
				);
				GCC_WARN_64_TO_32_BIT_CONVERSION = YES;
				GCC_WARN_ABOUT_RETURN_TYPE = YES_ERROR;
				GCC_WARN_UNDECLARED_SELECTOR = YES;
				GCC_WARN_UNINITIALIZED_AUTOS = YES_AGGRESSIVE;
				GCC_WARN_UNUSED_FUNCTION = YES;
				GCC_WARN_UNUSED_VARIABLE = YES;
				IPHONEOS_DEPLOYMENT_TARGET = 12.0;
				MTL_ENABLE_DEBUG_INFO = INCLUDE_SOURCE;
				MTL_FAST_MATH = YES;
				ONLY_ACTIVE_ARCH = YES;
				SDKROOT = iphoneos;
			};
			name = Debug;
		};
		BB8F084B216A66C90036726C /* Release */ = {
			isa = XCBuildConfiguration;
			buildSettings = {
				ALWAYS_SEARCH_USER_PATHS = NO;
				CLANG_ANALYZER_NONNULL = YES;
				CLANG_ANALYZER_NUMBER_OBJECT_CONVERSION = YES_AGGRESSIVE;
				CLANG_CXX_LANGUAGE_STANDARD = "gnu++14";
				CLANG_CXX_LIBRARY = "libc++";
				CLANG_ENABLE_MODULES = YES;
				CLANG_ENABLE_OBJC_ARC = YES;
				CLANG_ENABLE_OBJC_WEAK = YES;
				CLANG_WARN_BLOCK_CAPTURE_AUTORELEASING = YES;
				CLANG_WARN_BOOL_CONVERSION = YES;
				CLANG_WARN_COMMA = YES;
				CLANG_WARN_CONSTANT_CONVERSION = YES;
				CLANG_WARN_DEPRECATED_OBJC_IMPLEMENTATIONS = YES;
				CLANG_WARN_DIRECT_OBJC_ISA_USAGE = YES_ERROR;
				CLANG_WARN_DOCUMENTATION_COMMENTS = YES;
				CLANG_WARN_EMPTY_BODY = YES;
				CLANG_WARN_ENUM_CONVERSION = YES;
				CLANG_WARN_INFINITE_RECURSION = YES;
				CLANG_WARN_INT_CONVERSION = YES;
				CLANG_WARN_NON_LITERAL_NULL_CONVERSION = YES;
				CLANG_WARN_OBJC_IMPLICIT_RETAIN_SELF = YES;
				CLANG_WARN_OBJC_LITERAL_CONVERSION = YES;
				CLANG_WARN_OBJC_ROOT_CLASS = YES_ERROR;
				CLANG_WARN_RANGE_LOOP_ANALYSIS = YES;
				CLANG_WARN_STRICT_PROTOTYPES = YES;
				CLANG_WARN_SUSPICIOUS_MOVE = YES;
				CLANG_WARN_UNGUARDED_AVAILABILITY = YES_AGGRESSIVE;
				CLANG_WARN_UNREACHABLE_CODE = YES;
				CLANG_WARN__DUPLICATE_METHOD_MATCH = YES;
				CODE_SIGN_IDENTITY = "iPhone Developer";
				COPY_PHASE_STRIP = NO;
				DEBUG_INFORMATION_FORMAT = "dwarf-with-dsym";
				ENABLE_NS_ASSERTIONS = NO;
				ENABLE_STRICT_OBJC_MSGSEND = YES;
				GCC_C_LANGUAGE_STANDARD = gnu11;
				GCC_NO_COMMON_BLOCKS = YES;
				GCC_WARN_64_TO_32_BIT_CONVERSION = YES;
				GCC_WARN_ABOUT_RETURN_TYPE = YES_ERROR;
				GCC_WARN_UNDECLARED_SELECTOR = YES;
				GCC_WARN_UNINITIALIZED_AUTOS = YES_AGGRESSIVE;
				GCC_WARN_UNUSED_FUNCTION = YES;
				GCC_WARN_UNUSED_VARIABLE = YES;
				IPHONEOS_DEPLOYMENT_TARGET = 12.0;
				MTL_ENABLE_DEBUG_INFO = NO;
				MTL_FAST_MATH = YES;
				SDKROOT = iphoneos;
				VALIDATE_PRODUCT = YES;
			};
			name = Release;
		};
		BB8F084D216A66C90036726C /* Debug */ = {
			isa = XCBuildConfiguration;
			buildSettings = {
				ASSETCATALOG_COMPILER_APPICON_NAME = AppIcon;
				CODE_SIGN_STYLE = Automatic;
				DEVELOPMENT_TEAM = G83A8HGB49;
				INFOPLIST_FILE = "learn-open-gl-es/Info.plist";
				IPHONEOS_DEPLOYMENT_TARGET = 9.1;
				LD_RUNPATH_SEARCH_PATHS = (
					"$(inherited)",
					"@executable_path/Frameworks",
				);
				PRODUCT_BUNDLE_IDENTIFIER = "net.wu-chinese.learn-open-gl-es";
				PRODUCT_NAME = "$(TARGET_NAME)";
				TARGETED_DEVICE_FAMILY = "1,2";
				VALID_ARCHS = arm64;
			};
			name = Debug;
		};
		BB8F084E216A66C90036726C /* Release */ = {
			isa = XCBuildConfiguration;
			buildSettings = {
				ASSETCATALOG_COMPILER_APPICON_NAME = AppIcon;
				CODE_SIGN_STYLE = Automatic;
				DEVELOPMENT_TEAM = G83A8HGB49;
				INFOPLIST_FILE = "learn-open-gl-es/Info.plist";
				IPHONEOS_DEPLOYMENT_TARGET = 9.1;
				LD_RUNPATH_SEARCH_PATHS = (
					"$(inherited)",
					"@executable_path/Frameworks",
				);
				PRODUCT_BUNDLE_IDENTIFIER = "net.wu-chinese.learn-open-gl-es";
				PRODUCT_NAME = "$(TARGET_NAME)";
				TARGETED_DEVICE_FAMILY = "1,2";
				VALID_ARCHS = arm64;
			};
			name = Release;
		};
/* End XCBuildConfiguration section */

/* Begin XCConfigurationList section */
		BB8F0831216A66C70036726C /* Build configuration list for PBXProject "learn-open-gl-es" */ = {
			isa = XCConfigurationList;
			buildConfigurations = (
				BB8F084A216A66C90036726C /* Debug */,
				BB8F084B216A66C90036726C /* Release */,
			);
			defaultConfigurationIsVisible = 0;
			defaultConfigurationName = Release;
		};
		BB8F084C216A66C90036726C /* Build configuration list for PBXNativeTarget "learn-open-gl-es" */ = {
			isa = XCConfigurationList;
			buildConfigurations = (
				BB8F084D216A66C90036726C /* Debug */,
				BB8F084E216A66C90036726C /* Release */,
			);
			defaultConfigurationIsVisible = 0;
			defaultConfigurationName = Release;
		};
/* End XCConfigurationList section */
	};
	rootObject = BB8F082E216A66C70036726C /* Project object */;
}
