<?xml version="1.0" encoding="UTF-8"?>
<Scheme
   version = "1.3">
   <BuildAction>
      <BuildActionEntries>
         <BuildActionEntry
            buildForRunning = "YES">
            <BuildableReference
               BuildableIdentifier = "primary"
               BlueprintIdentifier = "BB8F0835216A66C70036726C"
               BuildableName = "learn-open-gl-es.app"
               BlueprintName = "learn-open-gl-es"
               ReferencedContainer = "container:learn-open-gl-es.xcodeproj">
            </BuildableReference>
         </BuildActionEntry>
      </BuildActionEntries>
   </BuildAction>
   <LaunchAction
      useCustomWorkingDirectory = "NO"
      buildConfiguration = "Debug"
      allowLocationSimulation = "YES">
      <BuildableProductRunnable>
         <BuildableReference
            BuildableIdentifier = "primary"
            BlueprintIdentifier = "BB8F0835216A66C70036726C"
            BuildableName = "learn-open-gl-es.app"
            BlueprintName = "learn-open-gl-es"
            ReferencedContainer = "container:learn-open-gl-es.xcodeproj">
         </BuildableReference>
      </BuildableProductRunnable>
   </LaunchAction>
</Scheme>
